// !$*UTF8*$!
{
	archiveVersion = 1;
	classes = {
	};
	objectVersion = 77;
	objects = {

/* Begin PBXBuildFile section */
		CC8062C92D69FDF7003C962D /* Swinject in Frameworks */ = {isa = PBXBuildFile; productRef = CC8062C82D69FDF7003C962D /* Swinject */; };
		CC8062CE2D69FE08003C962D /* SwinjectAutoregistration in Frameworks */ = {isa = PBXBuildFile; productRef = CC8062CD2D69FE08003C962D /* SwinjectAutoregistration */; };
		CC8062D32D69FE18003C962D /* SQLite in Frameworks */ = {isa = PBXBuildFile; productRef = CC8062D22D69FE18003C962D /* SQLite */; };
		CC8062D62D69FE26003C962D /* SnapKit in Frameworks */ = {isa = PBXBuildFile; productRef = CC8062D52D69FE26003C962D /* SnapKit */; };
		CC8062DD2D69FEA2003C962D /* App9999Model in Frameworks */ = {isa = PBXBuildFile; productRef = CC8062DC2D69FEA2003C962D /* App9999Model */; };
		CC8062DF2D69FEA2003C962D /* App9999ViewModel in Frameworks */ = {isa = PBXBuildFile; productRef = CC8062DE2D69FEA2003C962D /* App9999ViewModel */; };
/* End PBXBuildFile section */

/* Begin PBXContainerItemProxy section */
		CC8062AA2D69FD78003C962D /* PBXContainerItemProxy */ = {
			isa = PBXContainerItemProxy;
			containerPortal = CC80628B2D69FD76003C962D /* Project object */;
			proxyType = 1;
			remoteGlobalIDString = CC8062922D69FD76003C962D;
			remoteInfo = App9999;
		};
		CC8062B42D69FD78003C962D /* PBXContainerItemProxy */ = {
			isa = PBXContainerItemProxy;
			containerPortal = CC80628B2D69FD76003C962D /* Project object */;
			proxyType = 1;
			remoteGlobalIDString = CC8062922D69FD76003C962D;
			remoteInfo = App9999;
		};
/* End PBXContainerItemProxy section */

/* Begin PBXFileReference section */
		CC8062932D69FD76003C962D /* App9999.app */ = {isa = PBXFileReference; explicitFileType = wrapper.application; includeInIndex = 0; path = App9999.app; sourceTree = BUILT_PRODUCTS_DIR; };
		CC8062A92D69FD78003C962D /* App9999Tests.xctest */ = {isa = PBXFileReference; explicitFileType = wrapper.cfbundle; includeInIndex = 0; path = App9999Tests.xctest; sourceTree = BUILT_PRODUCTS_DIR; };
		CC8062B32D69FD78003C962D /* App9999UITests.xctest */ = {isa = PBXFileReference; explicitFileType = wrapper.cfbundle; includeInIndex = 0; path = App9999UITests.xctest; sourceTree = BUILT_PRODUCTS_DIR; };
		CC8062D92D69FE4A003C962D /* App9999Model */ = {isa = PBXFileReference; lastKnownFileType = wrapper; path = App9999Model; sourceTree = "<group>"; };
		CC8062DA2D69FE5D003C962D /* App9999ViewModel */ = {isa = PBXFileReference; lastKnownFileType = wrapper; path = App9999ViewModel; sourceTree = "<group>"; };
/* End PBXFileReference section */

/* Begin PBXFileSystemSynchronizedBuildFileExceptionSet section */
		CC8062BB2D69FD78003C962D /* Exceptions for "App9999" folder in "App9999" target */ = {
			isa = PBXFileSystemSynchronizedBuildFileExceptionSet;
			membershipExceptions = (
				Info.plist,
			);
			target = CC8062922D69FD76003C962D /* App9999 */;
		};
/* End PBXFileSystemSynchronizedBuildFileExceptionSet section */

/* Begin PBXFileSystemSynchronizedRootGroup section */
		CC8062952D69FD76003C962D /* App9999 */ = {
			isa = PBXFileSystemSynchronizedRootGroup;
			exceptions = (
				CC8062BB2D69FD78003C962D /* Exceptions for "App9999" folder in "App9999" target */,
			);
			path = App9999;
			sourceTree = "<group>";
		};
		CC8062AC2D69FD78003C962D /* App9999Tests */ = {
			isa = PBXFileSystemSynchronizedRootGroup;
			path = App9999Tests;
			sourceTree = "<group>";
		};
		CC8062B62D69FD78003C962D /* App9999UITests */ = {
			isa = PBXFileSystemSynchronizedRootGroup;
			path = App9999UITests;
			sourceTree = "<group>";
		};
/* End PBXFileSystemSynchronizedRootGroup section */

/* Begin PBXFrameworksBuildPhase section */
		CC8062902D69FD76003C962D /* Frameworks */ = {
			isa = PBXFrameworksBuildPhase;
			buildActionMask = 2147483647;
			files = (
				CC8062D32D69FE18003C962D /* SQLite in Frameworks */,
				CC8062DF2D69FEA2003C962D /* App9999ViewModel in Frameworks */,
				CC8062DD2D69FEA2003C962D /* App9999Model in Frameworks */,
				CC8062C92D69FDF7003C962D /* Swinject in Frameworks */,
				CC8062D62D69FE26003C962D /* SnapKit in Frameworks */,
				CC8062CE2D69FE08003C962D /* SwinjectAutoregistration in Frameworks */,
			);
			runOnlyForDeploymentPostprocessing = 0;
		};
		CC8062A62D69FD78003C962D /* Frameworks */ = {
			isa = PBXFrameworksBuildPhase;
			buildActionMask = 2147483647;
			files = (
			);
			runOnlyForDeploymentPostprocessing = 0;
		};
		CC8062B02D69FD78003C962D /* Frameworks */ = {
			isa = PBXFrameworksBuildPhase;
			buildActionMask = 2147483647;
			files = (
			);
			runOnlyForDeploymentPostprocessing = 0;
		};
/* End PBXFrameworksBuildPhase section */

/* Begin PBXGroup section */
		CC80628A2D69FD76003C962D = {
			isa = PBXGroup;
			children = (
				CC8062DA2D69FE5D003C962D /* App9999ViewModel */,
				CC8062D92D69FE4A003C962D /* App9999Model */,
				CC8062952D69FD76003C962D /* App9999 */,
				CC8062AC2D69FD78003C962D /* App9999Tests */,
				CC8062B62D69FD78003C962D /* App9999UITests */,
				CC8062DB2D69FEA2003C962D /* Frameworks */,
				CC8062942D69FD76003C962D /* Products */,
			);
			sourceTree = "<group>";
		};
		CC8062942D69FD76003C962D /* Products */ = {
			isa = PBXGroup;
			children = (
				CC8062932D69FD76003C962D /* App9999.app */,
				CC8062A92D69FD78003C962D /* App9999Tests.xctest */,
				CC8062B32D69FD78003C962D /* App9999UITests.xctest */,
			);
			name = Products;
			sourceTree = "<group>";
		};
		CC8062DB2D69FEA2003C962D /* Frameworks */ = {
			isa = PBXGroup;
			children = (
			);
			name = Frameworks;
			sourceTree = "<group>";
		};
/* End PBXGroup section */

/* Begin PBXNativeTarget section */
		CC8062922D69FD76003C962D /* App9999 */ = {
			isa = PBXNativeTarget;
			buildConfigurationList = CC8062BC2D69FD78003C962D /* Build configuration list for PBXNativeTarget "App9999" */;
			buildPhases = (
				CC80628F2D69FD76003C962D /* Sources */,
				CC8062902D69FD76003C962D /* Frameworks */,
				CC8062912D69FD76003C962D /* Resources */,
			);
			buildRules = (
			);
			dependencies = (
			);
			fileSystemSynchronizedGroups = (
				CC8062952D69FD76003C962D /* App9999 */,
			);
			name = App9999;
			packageProductDependencies = (
				CC8062C82D69FDF7003C962D /* Swinject */,
				CC8062CD2D69FE08003C962D /* SwinjectAutoregistration */,
				CC8062D22D69FE18003C962D /* SQLite */,
				CC8062D52D69FE26003C962D /* SnapKit */,
				CC8062DC2D69FEA2003C962D /* App9999Model */,
				CC8062DE2D69FEA2003C962D /* App9999ViewModel */,
			);
			productName = App9999;
			productReference = CC8062932D69FD76003C962D /* App9999.app */;
			productType = "com.apple.product-type.application";
		};
		CC8062A82D69FD78003C962D /* App9999Tests */ = {
			isa = PBXNativeTarget;
			buildConfigurationList = CC8062C12D69FD78003C962D /* Build configuration list for PBXNativeTarget "App9999Tests" */;
			buildPhases = (
				CC8062A52D69FD78003C962D /* Sources */,
				CC8062A62D69FD78003C962D /* Frameworks */,
				CC8062A72D69FD78003C962D /* Resources */,
			);
			buildRules = (
			);
			dependencies = (
				CC8062AB2D69FD78003C962D /* PBXTargetDependency */,
			);
			fileSystemSynchronizedGroups = (
				CC8062AC2D69FD78003C962D /* App9999Tests */,
			);
			name = App9999Tests;
			packageProductDependencies = (
			);
			productName = App9999Tests;
			productReference = CC8062A92D69FD78003C962D /* App9999Tests.xctest */;
			productType = "com.apple.product-type.bundle.unit-test";
		};
		CC8062B22D69FD78003C962D /* App9999UITests */ = {
			isa = PBXNativeTarget;
			buildConfigurationList = CC8062C42D69FD78003C962D /* Build configuration list for PBXNativeTarget "App9999UITests" */;
			buildPhases = (
				CC8062AF2D69FD78003C962D /* Sources */,
				CC8062B02D69FD78003C962D /* Frameworks */,
				CC8062B12D69FD78003C962D /* Resources */,
			);
			buildRules = (
			);
			dependencies = (
				CC8062B52D69FD78003C962D /* PBXTargetDependency */,
			);
			fileSystemSynchronizedGroups = (
				CC8062B62D69FD78003C962D /* App9999UITests */,
			);
			name = App9999UITests;
			packageProductDependencies = (
			);
			productName = App9999UITests;
			productReference = CC8062B32D69FD78003C962D /* App9999UITests.xctest */;
			productType = "com.apple.product-type.bundle.ui-testing";
		};
/* End PBXNativeTarget section */

/* Begin PBXProject section */
		CC80628B2D69FD76003C962D /* Project object */ = {
			isa = PBXProject;
			attributes = {
				BuildIndependentTargetsInParallel = 1;
				LastSwiftUpdateCheck = 1620;
				LastUpgradeCheck = 1620;
				TargetAttributes = {
					CC8062922D69FD76003C962D = {
						CreatedOnToolsVersion = 16.2;
					};
					CC8062A82D69FD78003C962D = {
						CreatedOnToolsVersion = 16.2;
						TestTargetID = CC8062922D69FD76003C962D;
					};
					CC8062B22D69FD78003C962D = {
						CreatedOnToolsVersion = 16.2;
						TestTargetID = CC8062922D69FD76003C962D;
					};
				};
			};
			buildConfigurationList = CC80628E2D69FD76003C962D /* Build configuration list for PBXProject "App9999" */;
			developmentRegion = en;
			hasScannedForEncodings = 0;
			knownRegions = (
				en,
				Base,
			);
			mainGroup = CC80628A2D69FD76003C962D;
			minimizedProjectReferenceProxies = 1;
			packageReferences = (
				CC8062C72D69FDF7003C962D /* XCRemoteSwiftPackageReference "Swinject" */,
				CC8062CC2D69FE08003C962D /* XCRemoteSwiftPackageReference "SwinjectAutoregistration" */,
				CC8062D12D69FE18003C962D /* XCRemoteSwiftPackageReference "SQLite.swift" */,
				CC8062D42D69FE26003C962D /* XCRemoteSwiftPackageReference "SnapKit" */,
			);
			preferredProjectObjectVersion = 77;
			productRefGroup = CC8062942D69FD76003C962D /* Products */;
			projectDirPath = "";
			projectRoot = "";
			targets = (
				CC8062922D69FD76003C962D /* App9999 */,
				CC8062A82D69FD78003C962D /* App9999Tests */,
				CC8062B22D69FD78003C962D /* App9999UITests */,
			);
		};
/* End PBXProject section */

/* Begin PBXResourcesBuildPhase section */
		CC8062912D69FD76003C962D /* Resources */ = {
			isa = PBXResourcesBuildPhase;
			buildActionMask = 2147483647;
			files = (
			);
			runOnlyForDeploymentPostprocessing = 0;
		};
		CC8062A72D69FD78003C962D /* Resources */ = {
			isa = PBXResourcesBuildPhase;
			buildActionMask = 2147483647;
			files = (
			);
			runOnlyForDeploymentPostprocessing = 0;
		};
		CC8062B12D69FD78003C962D /* Resources */ = {
			isa = PBXResourcesBuildPhase;
			buildActionMask = 2147483647;
			files = (
			);
			runOnlyForDeploymentPostprocessing = 0;
		};
/* End PBXResourcesBuildPhase section */

/* Begin PBXSourcesBuildPhase section */
		CC80628F2D69FD76003C962D /* Sources */ = {
			isa = PBXSourcesBuildPhase;
			buildActionMask = 2147483647;
			files = (
			);
			runOnlyForDeploymentPostprocessing = 0;
		};
		CC8062A52D69FD78003C962D /* Sources */ = {
			isa = PBXSourcesBuildPhase;
			buildActionMask = 2147483647;
			files = (
			);
			runOnlyForDeploymentPostprocessing = 0;
		};
		CC8062AF2D69FD78003C962D /* Sources */ = {
			isa = PBXSourcesBuildPhase;
			buildActionMask = 2147483647;
			files = (
			);
			runOnlyForDeploymentPostprocessing = 0;
		};
/* End PBXSourcesBuildPhase section */

/* Begin PBXTargetDependency section */
		CC8062AB2D69FD78003C962D /* PBXTargetDependency */ = {
			isa = PBXTargetDependency;
			target = CC8062922D69FD76003C962D /* App9999 */;
			targetProxy = CC8062AA2D69FD78003C962D /* PBXContainerItemProxy */;
		};
		CC8062B52D69FD78003C962D /* PBXTargetDependency */ = {
			isa = PBXTargetDependency;
			target = CC8062922D69FD76003C962D /* App9999 */;
			targetProxy = CC8062B42D69FD78003C962D /* PBXContainerItemProxy */;
		};
/* End PBXTargetDependency section */

/* Begin XCBuildConfiguration section */
		CC8062BD2D69FD78003C962D /* Debug */ = {
			isa = XCBuildConfiguration;
			buildSettings = {
				ASSETCATALOG_COMPILER_APPICON_NAME = AppIcon;
				ASSETCATALOG_COMPILER_GLOBAL_ACCENT_COLOR_NAME = AccentColor;
				CODE_SIGN_STYLE = Automatic;
				CURRENT_PROJECT_VERSION = 1;
				DEVELOPMENT_TEAM = 5PTH9U4CB9;
				GENERATE_INFOPLIST_FILE = YES;
				INFOPLIST_FILE = App9999/Info.plist;
				INFOPLIST_KEY_CFBundleDisplayName = FinanceApp;
				INFOPLIST_KEY_UIApplicationSupportsIndirectInputEvents = YES;
				INFOPLIST_KEY_UILaunchStoryboardName = LaunchScreen;
				INFOPLIST_KEY_UISupportedInterfaceOrientations = UIInterfaceOrientationPortrait;
				INFOPLIST_KEY_UISupportedInterfaceOrientations_iPad = "UIInterfaceOrientationLandscapeLeft UIInterfaceOrientationLandscapeRight UIInterfaceOrientationPortrait UIInterfaceOrientationPortraitUpsideDown";
				IPHONEOS_DEPLOYMENT_TARGET = 16.6;
				LD_RUNPATH_SEARCH_PATHS = (
					"$(inherited)",
					"@executable_path/Frameworks",
				);
				MARKETING_VERSION = 1.0;
				PRODUCT_BUNDLE_IDENTIFIER = q.App9999;
				PRODUCT_NAME = "$(TARGET_NAME)";
				SUPPORTED_PLATFORMS = "iphoneos iphonesimulator";
				SUPPORTS_MACCATALYST = NO;
				SUPPORTS_MAC_DESIGNED_FOR_IPHONE_IPAD = NO;
				SUPPORTS_XR_DESIGNED_FOR_IPHONE_IPAD = NO;
				SWIFT_EMIT_LOC_STRINGS = YES;
				SWIFT_VERSION = 5.0;
				TARGETED_DEVICE_FAMILY = 1;
			};
			name = Debug;
		};
		CC8062BE2D69FD78003C962D /* Release */ = {
			isa = XCBuildConfiguration;
			buildSettings = {
				ASSETCATALOG_COMPILER_APPICON_NAME = AppIcon;
				ASSETCATALOG_COMPILER_GLOBAL_ACCENT_COLOR_NAME = AccentColor;
				CODE_SIGN_STYLE = Automatic;
				CURRENT_PROJECT_VERSION = 1;
				DEVELOPMENT_TEAM = 5PTH9U4CB9;
				GENERATE_INFOPLIST_FILE = YES;
				INFOPLIST_FILE = App9999/Info.plist;
				INFOPLIST_KEY_CFBundleDisplayName = FinanceApp;
				INFOPLIST_KEY_UIApplicationSupportsIndirectInputEvents = YES;
				INFOPLIST_KEY_UILaunchStoryboardName = LaunchScreen;
				INFOPLIST_KEY_UISupportedInterfaceOrientations = UIInterfaceOrientationPortrait;
				INFOPLIST_KEY_UISupportedInterfaceOrientations_iPad = "UIInterfaceOrientationLandscapeLeft UIInterfaceOrientationLandscapeRight UIInterfaceOrientationPortrait UIInterfaceOrientationPortraitUpsideDown";
				IPHONEOS_DEPLOYMENT_TARGET = 16.6;
				LD_RUNPATH_SEARCH_PATHS = (
					"$(inherited)",
					"@executable_path/Frameworks",
				);
				MARKETING_VERSION = 1.0;
				PRODUCT_BUNDLE_IDENTIFIER = q.App9999;
				PRODUCT_NAME = "$(TARGET_NAME)";
				SUPPORTED_PLATFORMS = "iphoneos iphonesimulator";
				SUPPORTS_MACCATALYST = NO;
				SUPPORTS_MAC_DESIGNED_FOR_IPHONE_IPAD = NO;
				SUPPORTS_XR_DESIGNED_FOR_IPHONE_IPAD = NO;
				SWIFT_EMIT_LOC_STRINGS = YES;
				SWIFT_VERSION = 5.0;
				TARGETED_DEVICE_FAMILY = 1;
			};
			name = Release;
		};
		CC8062BF2D69FD78003C962D /* Debug */ = {
			isa = XCBuildConfiguration;
			buildSettings = {
				ALWAYS_SEARCH_USER_PATHS = NO;
				ASSETCATALOG_COMPILER_GENERATE_SWIFT_ASSET_SYMBOL_EXTENSIONS = YES;
				CLANG_ANALYZER_NONNULL = YES;
				CLANG_ANALYZER_NUMBER_OBJECT_CONVERSION = YES_AGGRESSIVE;
				CLANG_CXX_LANGUAGE_STANDARD = "gnu++20";
				CLANG_ENABLE_MODULES = YES;
				CLANG_ENABLE_OBJC_ARC = YES;
				CLANG_ENABLE_OBJC_WEAK = YES;
				CLANG_WARN_BLOCK_CAPTURE_AUTORELEASING = YES;
				CLANG_WARN_BOOL_CONVERSION = YES;
				CLANG_WARN_COMMA = YES;
				CLANG_WARN_CONSTANT_CONVERSION = YES;
				CLANG_WARN_DEPRECATED_OBJC_IMPLEMENTATIONS = YES;
				CLANG_WARN_DIRECT_OBJC_ISA_USAGE = YES_ERROR;
				CLANG_WARN_DOCUMENTATION_COMMENTS = YES;
				CLANG_WARN_EMPTY_BODY = YES;
				CLANG_WARN_ENUM_CONVERSION = YES;
				CLANG_WARN_INFINITE_RECURSION = YES;
				CLANG_WARN_INT_CONVERSION = YES;
				CLANG_WARN_NON_LITERAL_NULL_CONVERSION = YES;
				CLANG_WARN_OBJC_IMPLICIT_RETAIN_SELF = YES;
				CLANG_WARN_OBJC_LITERAL_CONVERSION = YES;
				CLANG_WARN_OBJC_ROOT_CLASS = YES_ERROR;
				CLANG_WARN_QUOTED_INCLUDE_IN_FRAMEWORK_HEADER = YES;
				CLANG_WARN_RANGE_LOOP_ANALYSIS = YES;
				CLANG_WARN_STRICT_PROTOTYPES = YES;
				CLANG_WARN_SUSPICIOUS_MOVE = YES;
				CLANG_WARN_UNGUARDED_AVAILABILITY = YES_AGGRESSIVE;
				CLANG_WARN_UNREACHABLE_CODE = YES;
				CLANG_WARN__DUPLICATE_METHOD_MATCH = YES;
				COPY_PHASE_STRIP = NO;
				DEBUG_INFORMATION_FORMAT = dwarf;
				ENABLE_STRICT_OBJC_MSGSEND = YES;
				ENABLE_TESTABILITY = YES;
				ENABLE_USER_SCRIPT_SANDBOXING = YES;
				GCC_C_LANGUAGE_STANDARD = gnu17;
				GCC_DYNAMIC_NO_PIC = NO;
				GCC_NO_COMMON_BLOCKS = YES;
				GCC_OPTIMIZATION_LEVEL = 0;
				GCC_PREPROCESSOR_DEFINITIONS = (
					"DEBUG=1",
					"$(inherited)",
				);
				GCC_WARN_64_TO_32_BIT_CONVERSION = YES;
				GCC_WARN_ABOUT_RETURN_TYPE = YES_ERROR;
				GCC_WARN_UNDECLARED_SELECTOR = YES;
				GCC_WARN_UNINITIALIZED_AUTOS = YES_AGGRESSIVE;
				GCC_WARN_UNUSED_FUNCTION = YES;
				GCC_WARN_UNUSED_VARIABLE = YES;
				IPHONEOS_DEPLOYMENT_TARGET = 18.2;
				LOCALIZATION_PREFERS_STRING_CATALOGS = YES;
				MTL_ENABLE_DEBUG_INFO = INCLUDE_SOURCE;
				MTL_FAST_MATH = YES;
				ONLY_ACTIVE_ARCH = YES;
				SDKROOT = iphoneos;
				SWIFT_ACTIVE_COMPILATION_CONDITIONS = "DEBUG $(inherited)";
				SWIFT_OPTIMIZATION_LEVEL = "-Onone";
			};
			name = Debug;
		};
		CC8062C02D69FD78003C962D /* Release */ = {
			isa = XCBuildConfiguration;
			buildSettings = {
				ALWAYS_SEARCH_USER_PATHS = NO;
				ASSETCATALOG_COMPILER_GENERATE_SWIFT_ASSET_SYMBOL_EXTENSIONS = YES;
				CLANG_ANALYZER_NONNULL = YES;
				CLANG_ANALYZER_NUMBER_OBJECT_CONVERSION = YES_AGGRESSIVE;
				CLANG_CXX_LANGUAGE_STANDARD = "gnu++20";
				CLANG_ENABLE_MODULES = YES;
				CLANG_ENABLE_OBJC_ARC = YES;
				CLANG_ENABLE_OBJC_WEAK = YES;
				CLANG_WARN_BLOCK_CAPTURE_AUTORELEASING = YES;
				CLANG_WARN_BOOL_CONVERSION = YES;
				CLANG_WARN_COMMA = YES;
				CLANG_WARN_CONSTANT_CONVERSION = YES;
				CLANG_WARN_DEPRECATED_OBJC_IMPLEMENTATIONS = YES;
				CLANG_WARN_DIRECT_OBJC_ISA_USAGE = YES_ERROR;
				CLANG_WARN_DOCUMENTATION_COMMENTS = YES;
				CLANG_WARN_EMPTY_BODY = YES;
				CLANG_WARN_ENUM_CONVERSION = YES;
				CLANG_WARN_INFINITE_RECURSION = YES;
				CLANG_WARN_INT_CONVERSION = YES;
				CLANG_WARN_NON_LITERAL_NULL_CONVERSION = YES;
				CLANG_WARN_OBJC_IMPLICIT_RETAIN_SELF = YES;
				CLANG_WARN_OBJC_LITERAL_CONVERSION = YES;
				CLANG_WARN_OBJC_ROOT_CLASS = YES_ERROR;
				CLANG_WARN_QUOTED_INCLUDE_IN_FRAMEWORK_HEADER = YES;
				CLANG_WARN_RANGE_LOOP_ANALYSIS = YES;
				CLANG_WARN_STRICT_PROTOTYPES = YES;
				CLANG_WARN_SUSPICIOUS_MOVE = YES;
				CLANG_WARN_UNGUARDED_AVAILABILITY = YES_AGGRESSIVE;
				CLANG_WARN_UNREACHABLE_CODE = YES;
				CLANG_WARN__DUPLICATE_METHOD_MATCH = YES;
				COPY_PHASE_STRIP = NO;
				DEBUG_INFORMATION_FORMAT = "dwarf-with-dsym";
				ENABLE_NS_ASSERTIONS = NO;
				ENABLE_STRICT_OBJC_MSGSEND = YES;
				ENABLE_USER_SCRIPT_SANDBOXING = YES;
				GCC_C_LANGUAGE_STANDARD = gnu17;
				GCC_NO_COMMON_BLOCKS = YES;
				GCC_WARN_64_TO_32_BIT_CONVERSION = YES;
				GCC_WARN_ABOUT_RETURN_TYPE = YES_ERROR;
				GCC_WARN_UNDECLARED_SELECTOR = YES;
				GCC_WARN_UNINITIALIZED_AUTOS = YES_AGGRESSIVE;
				GCC_WARN_UNUSED_FUNCTION = YES;
				GCC_WARN_UNUSED_VARIABLE = YES;
				IPHONEOS_DEPLOYMENT_TARGET = 18.2;
				LOCALIZATION_PREFERS_STRING_CATALOGS = YES;
				MTL_ENABLE_DEBUG_INFO = NO;
				MTL_FAST_MATH = YES;
				SDKROOT = iphoneos;
				SWIFT_COMPILATION_MODE = wholemodule;
				VALIDATE_PRODUCT = YES;
			};
			name = Release;
		};
		CC8062C22D69FD78003C962D /* Debug */ = {
			isa = XCBuildConfiguration;
			buildSettings = {
				BUNDLE_LOADER = "$(TEST_HOST)";
				CODE_SIGN_STYLE = Automatic;
				CURRENT_PROJECT_VERSION = 1;
				DEVELOPMENT_TEAM = 5PTH9U4CB9;
				GENERATE_INFOPLIST_FILE = YES;
				IPHONEOS_DEPLOYMENT_TARGET = 18.2;
				MARKETING_VERSION = 1.0;
				PRODUCT_BUNDLE_IDENTIFIER = q.App9999Tests;
				PRODUCT_NAME = "$(TARGET_NAME)";
				SWIFT_EMIT_LOC_STRINGS = NO;
				SWIFT_VERSION = 5.0;
				TARGETED_DEVICE_FAMILY = "1,2";
				TEST_HOST = "$(BUILT_PRODUCTS_DIR)/App9999.app/$(BUNDLE_EXECUTABLE_FOLDER_PATH)/App9999";
			};
			name = Debug;
		};
		CC8062C32D69FD78003C962D /* Release */ = {
			isa = XCBuildConfiguration;
			buildSettings = {
				BUNDLE_LOADER = "$(TEST_HOST)";
				CODE_SIGN_STYLE = Automatic;
				CURRENT_PROJECT_VERSION = 1;
				DEVELOPMENT_TEAM = 5PTH9U4CB9;
				GENERATE_INFOPLIST_FILE = YES;
				IPHONEOS_DEPLOYMENT_TARGET = 18.2;
				MARKETING_VERSION = 1.0;
				PRODUCT_BUNDLE_IDENTIFIER = q.App9999Tests;
				PRODUCT_NAME = "$(TARGET_NAME)";
				SWIFT_EMIT_LOC_STRINGS = NO;
				SWIFT_VERSION = 5.0;
				TARGETED_DEVICE_FAMILY = "1,2";
				TEST_HOST = "$(BUILT_PRODUCTS_DIR)/App9999.app/$(BUNDLE_EXECUTABLE_FOLDER_PATH)/App9999";
			};
			name = Release;
		};
		CC8062C52D69FD78003C962D /* Debug */ = {
			isa = XCBuildConfiguration;
			buildSettings = {
				CODE_SIGN_STYLE = Automatic;
				CURRENT_PROJECT_VERSION = 1;
				DEVELOPMENT_TEAM = 5PTH9U4CB9;
				GENERATE_INFOPLIST_FILE = YES;
				MARKETING_VERSION = 1.0;
				PRODUCT_BUNDLE_IDENTIFIER = q.App9999UITests;
				PRODUCT_NAME = "$(TARGET_NAME)";
				SWIFT_EMIT_LOC_STRINGS = NO;
				SWIFT_VERSION = 5.0;
				TARGETED_DEVICE_FAMILY = "1,2";
				TEST_TARGET_NAME = App9999;
			};
			name = Debug;
		};
		CC8062C62D69FD78003C962D /* Release */ = {
			isa = XCBuildConfiguration;
			buildSettings = {
				CODE_SIGN_STYLE = Automatic;
				CURRENT_PROJECT_VERSION = 1;
				DEVELOPMENT_TEAM = 5PTH9U4CB9;
				GENERATE_INFOPLIST_FILE = YES;
				MARKETING_VERSION = 1.0;
				PRODUCT_BUNDLE_IDENTIFIER = q.App9999UITests;
				PRODUCT_NAME = "$(TARGET_NAME)";
				SWIFT_EMIT_LOC_STRINGS = NO;
				SWIFT_VERSION = 5.0;
				TARGETED_DEVICE_FAMILY = "1,2";
				TEST_TARGET_NAME = App9999;
			};
			name = Release;
		};
/* End XCBuildConfiguration section */

/* Begin XCConfigurationList section */
		CC80628E2D69FD76003C962D /* Build configuration list for PBXProject "App9999" */ = {
			isa = XCConfigurationList;
			buildConfigurations = (
				CC8062BF2D69FD78003C962D /* Debug */,
				CC8062C02D69FD78003C962D /* Release */,
			);
			defaultConfigurationIsVisible = 0;
			defaultConfigurationName = Release;
		};
		CC8062BC2D69FD78003C962D /* Build configuration list for PBXNativeTarget "App9999" */ = {
			isa = XCConfigurationList;
			buildConfigurations = (
				CC8062BD2D69FD78003C962D /* Debug */,
				CC8062BE2D69FD78003C962D /* Release */,
			);
			defaultConfigurationIsVisible = 0;
			defaultConfigurationName = Release;
		};
		CC8062C12D69FD78003C962D /* Build configuration list for PBXNativeTarget "App9999Tests" */ = {
			isa = XCConfigurationList;
			buildConfigurations = (
				CC8062C22D69FD78003C962D /* Debug */,
				CC8062C32D69FD78003C962D /* Release */,
			);
			defaultConfigurationIsVisible = 0;
			defaultConfigurationName = Release;
		};
		CC8062C42D69FD78003C962D /* Build configuration list for PBXNativeTarget "App9999UITests" */ = {
			isa = XCConfigurationList;
			buildConfigurations = (
				CC8062C52D69FD78003C962D /* Debug */,
				CC8062C62D69FD78003C962D /* Release */,
			);
			defaultConfigurationIsVisible = 0;
			defaultConfigurationName = Release;
		};
/* End XCConfigurationList section */

/* Begin XCRemoteSwiftPackageReference section */
		CC8062C72D69FDF7003C962D /* XCRemoteSwiftPackageReference "Swinject" */ = {
			isa = XCRemoteSwiftPackageReference;
			repositoryURL = "https://github.com/Swinject/Swinject.git";
			requirement = {
				kind = upToNextMajorVersion;
				minimumVersion = 2.9.1;
			};
		};
		CC8062CC2D69FE08003C962D /* XCRemoteSwiftPackageReference "SwinjectAutoregistration" */ = {
			isa = XCRemoteSwiftPackageReference;
			repositoryURL = "https://github.com/Swinject/SwinjectAutoregistration";
			requirement = {
				kind = upToNextMajorVersion;
				minimumVersion = 2.9.1;
			};
		};
		CC8062D12D69FE18003C962D /* XCRemoteSwiftPackageReference "SQLite.swift" */ = {
			isa = XCRemoteSwiftPackageReference;
			repositoryURL = "https://github.com/stephencelis/SQLite.swift.git";
			requirement = {
				kind = upToNextMajorVersion;
				minimumVersion = 0.15.3;
			};
		};
		CC8062D42D69FE26003C962D /* XCRemoteSwiftPackageReference "SnapKit" */ = {
			isa = XCRemoteSwiftPackageReference;
			repositoryURL = "https://github.com/SnapKit/SnapKit.git";
			requirement = {
				kind = upToNextMajorVersion;
				minimumVersion = 5.7.1;
			};
		};
/* End XCRemoteSwiftPackageReference section */

/* Begin XCSwiftPackageProductDependency section */
		CC8062C82D69FDF7003C962D /* Swinject */ = {
			isa = XCSwiftPackageProductDependency;
			package = CC8062C72D69FDF7003C962D /* XCRemoteSwiftPackageReference "Swinject" */;
			productName = Swinject;
		};
		CC8062CD2D69FE08003C962D /* SwinjectAutoregistration */ = {
			isa = XCSwiftPackageProductDependency;
			package = CC8062CC2D69FE08003C962D /* XCRemoteSwiftPackageReference "SwinjectAutoregistration" */;
			productName = SwinjectAutoregistration;
		};
		CC8062D22D69FE18003C962D /* SQLite */ = {
			isa = XCSwiftPackageProductDependency;
			package = CC8062D12D69FE18003C962D /* XCRemoteSwiftPackageReference "SQLite.swift" */;
			productName = SQLite;
		};
		CC8062D52D69FE26003C962D /* SnapKit */ = {
			isa = XCSwiftPackageProductDependency;
			package = CC8062D42D69FE26003C962D /* XCRemoteSwiftPackageReference "SnapKit" */;
			productName = SnapKit;
		};
		CC8062DC2D69FEA2003C962D /* App9999Model */ = {
			isa = XCSwiftPackageProductDependency;
			productName = App9999Model;
		};
		CC8062DE2D69FEA2003C962D /* App9999ViewModel */ = {
			isa = XCSwiftPackageProductDependency;
			productName = App9999ViewModel;
		};
/* End XCSwiftPackageProductDependency section */
	};
	rootObject = CC80628B2D69FD76003C962D /* Project object */;
}
